
Microsoft Visual Studio Solution File, Format Version 12.00
# Visual Studio Version 16
VisualStudioVersion = 16.0.29905.134
MinimumVisualStudioVersion = 10.0.40219.1
Project("{8BC9CEB8-8B4A-11D0-8D11-00A0C91BC942}") = "FbxFormatConverter", "FbxFormatConverter.vcxproj", "{9E46203A-785A-41A3-BD18-2DE2A7A7E4D7}"
EndProject
Global
	GlobalSection(SolutionConfigurationPlatforms) = preSolution
		Debug|x64 = Debug|x64
		Release|x64 = Release|x64
	EndGlobalSection
	GlobalSection(ProjectConfigurationPlatforms) = postSolution
		{9E46203A-785A-41A3-BD18-2DE2A7A7E4D7}.Debug|x64.ActiveCfg = Debug|x64
		{9E46203A-785A-41A3-BD18-2DE2A7A7E4D7}.Debug|x64.Build.0 = Debug|x64
		{9E46203A-785A-41A3-BD18-2DE2A7A7E4D7}.Release|x64.ActiveCfg = Release|x64
		{9E46203A-785A-41A3-BD18-2DE2A7A7E4D7}.Release|x64.Build.0 = Release|x64
	EndGlobalSection
	GlobalSection(SolutionProperties) = preSolution
		HideSolutionNode = FALSE
	EndGlobalSection
	GlobalSection(ExtensibilityGlobals) = postSolution
		SolutionGuid = {DAC409EE-F3F3-4A2C-B22F-316A9B8CAEFA}
	EndGlobalSection
EndGlobal
